
Microsoft Visual Studio Solution File, Format Version 12.00
# Visual Studio 2013
VisualStudioVersion = 12.0.31101.0
MinimumVisualStudioVersion = 10.0.40219.1
Project("{FAE04EC0-301F-11D3-BF4B-00C04F79EFBC}") = "JiraThing", "JiraThing\JiraThing.csproj", "{91877182-F276-4689-B5B5-98207B118222}"
EndProject
Project("{FAE04EC0-301F-11D3-BF4B-00C04F79EFBC}") = "JiraReportUI", "JiraReportUI\JiraReportUI.csproj", "{856443AF-5B58-415E-90FC-D5D9670A319B}"
EndProject
Global
	GlobalSection(SolutionConfigurationPlatforms) = preSolution
		Debug|Any CPU = Debug|Any CPU
		Release|Any CPU = Release|Any CPU
	EndGlobalSection
	GlobalSection(ProjectConfigurationPlatforms) = postSolution
		{91877182-F276-4689-B5B5-98207B118222}.Debug|Any CPU.ActiveCfg = Debug|Any CPU
		{91877182-F276-4689-B5B5-98207B118222}.Debug|Any CPU.Build.0 = Debug|Any CPU
		{91877182-F276-4689-B5B5-98207B118222}.Release|Any CPU.ActiveCfg = Release|Any CPU
		{91877182-F276-4689-B5B5-98207B118222}.Release|Any CPU.Build.0 = Release|Any CPU
		{856443AF-5B58-415E-90FC-D5D9670A319B}.Debug|Any CPU.ActiveCfg = Debug|Any CPU
		{856443AF-5B58-415E-90FC-D5D9670A319B}.Debug|Any CPU.Build.0 = Debug|Any CPU
		{856443AF-5B58-415E-90FC-D5D9670A319B}.Release|Any CPU.ActiveCfg = Release|Any CPU
		{856443AF-5B58-415E-90FC-D5D9670A319B}.Release|Any CPU.Build.0 = Release|Any CPU
	EndGlobalSection
	GlobalSection(SolutionProperties) = preSolution
		HideSolutionNode = FALSE
	EndGlobalSection
EndGlobal
